
Microsoft Visual Studio Solution File, Format Version 12.00
# Visual Studio Version 16
VisualStudioVersion = 16.0.29409.12
MinimumVisualStudioVersion = 10.0.40219.1
Project("{FAE04EC0-301F-11D3-BF4B-00C04F79EFBC}") = "InventionDice.UWP", "InventionDice.UWP\InventionDice.UWP.csproj", "{EA69D5FF-B26F-48CC-9ACE-EB2F10A0AE95}"
EndProject
Project("{FAE04EC0-301F-11D3-BF4B-00C04F79EFBC}") = "InventionDice.Android", "InventionDice.Android\InventionDice.Android.csproj", "{78CDFC0A-ED57-4887-A022-29DDEC8B4D60}"
EndProject
Project("{FAE04EC0-301F-11D3-BF4B-00C04F79EFBC}") = "InventionDice.iOS", "InventionDice.iOS\InventionDice.iOS.csproj", "{4EFF1510-069E-4BE0-B022-3AAF25A624D9}"
EndProject
Project("{FAE04EC0-301F-11D3-BF4B-00C04F79EFBC}") = "InventionDice", "InventionDice\InventionDice.csproj", "{02553C15-F613-4D29-B3A9-857345503648}"
EndProject
Global
	GlobalSection(SolutionConfigurationPlatforms) = preSolution
		Debug|Any CPU = Debug|Any CPU
		Debug|ARM = Debug|ARM
		Debug|iPhone = Debug|iPhone
		Debug|iPhoneSimulator = Debug|iPhoneSimulator
		Debug|x64 = Debug|x64
		Debug|x86 = Debug|x86
		Release|Any CPU = Release|Any CPU
		Release|ARM = Release|ARM
		Release|iPhone = Release|iPhone
		Release|iPhoneSimulator = Release|iPhoneSimulator
		Release|x64 = Release|x64
		Release|x86 = Release|x86
	EndGlobalSection
	GlobalSection(ProjectConfigurationPlatforms) = postSolution
		{EA69D5FF-B26F-48CC-9ACE-EB2F10A0AE95}.Debug|Any CPU.ActiveCfg = Debug|x86
		{EA69D5FF-B26F-48CC-9ACE-EB2F10A0AE95}.Debug|Any CPU.Build.0 = Debug|x86
		{EA69D5FF-B26F-48CC-9ACE-EB2F10A0AE95}.Debug|Any CPU.Deploy.0 = Debug|x86
		{EA69D5FF-B26F-48CC-9ACE-EB2F10A0AE95}.Debug|ARM.ActiveCfg = Debug|ARM
		{EA69D5FF-B26F-48CC-9ACE-EB2F10A0AE95}.Debug|ARM.Build.0 = Debug|ARM
		{EA69D5FF-B26F-48CC-9ACE-EB2F10A0AE95}.Debug|ARM.Deploy.0 = Debug|ARM
		{EA69D5FF-B26F-48CC-9ACE-EB2F10A0AE95}.Debug|iPhone.ActiveCfg = Debug|x86
		{EA69D5FF-B26F-48CC-9ACE-EB2F10A0AE95}.Debug|iPhone.Build.0 = Debug|x86
		{EA69D5FF-B26F-48CC-9ACE-EB2F10A0AE95}.Debug|iPhone.Deploy.0 = Debug|x86
		{EA69D5FF-B26F-48CC-9ACE-EB2F10A0AE95}.Debug|iPhoneSimulator.ActiveCfg = Debug|x86
		{EA69D5FF-B26F-48CC-9ACE-EB2F10A0AE95}.Debug|iPhoneSimulator.Build.0 = Debug|x86
		{EA69D5FF-B26F-48CC-9ACE-EB2F10A0AE95}.Debug|iPhoneSimulator.Deploy.0 = Debug|x86
		{EA69D5FF-B26F-48CC-9ACE-EB2F10A0AE95}.Debug|x64.ActiveCfg = Debug|x64
		{EA69D5FF-B26F-48CC-9ACE-EB2F10A0AE95}.Debug|x64.Build.0 = Debug|x64
		{EA69D5FF-B26F-48CC-9ACE-EB2F10A0AE95}.Debug|x64.Deploy.0 = Debug|x64
		{EA69D5FF-B26F-48CC-9ACE-EB2F10A0AE95}.Debug|x86.ActiveCfg = Debug|x86
		{EA69D5FF-B26F-48CC-9ACE-EB2F10A0AE95}.Debug|x86.Build.0 = Debug|x86
		{EA69D5FF-B26F-48CC-9ACE-EB2F10A0AE95}.Debug|x86.Deploy.0 = Debug|x86
		{EA69D5FF-B26F-48CC-9ACE-EB2F10A0AE95}.Release|Any CPU.ActiveCfg = Release|x86
		{EA69D5FF-B26F-48CC-9ACE-EB2F10A0AE95}.Release|Any CPU.Build.0 = Release|x86
		{EA69D5FF-B26F-48CC-9ACE-EB2F10A0AE95}.Release|Any CPU.Deploy.0 = Release|x86
		{EA69D5FF-B26F-48CC-9ACE-EB2F10A0AE95}.Release|ARM.ActiveCfg = Release|ARM
		{EA69D5FF-B26F-48CC-9ACE-EB2F10A0AE95}.Release|ARM.Build.0 = Release|ARM
		{EA69D5FF-B26F-48CC-9ACE-EB2F10A0AE95}.Release|ARM.Deploy.0 = Release|ARM
		{EA69D5FF-B26F-48CC-9ACE-EB2F10A0AE95}.Release|iPhone.ActiveCfg = Release|x86
		{EA69D5FF-B26F-48CC-9ACE-EB2F10A0AE95}.Release|iPhone.Build.0 = Release|x86
		{EA69D5FF-B26F-48CC-9ACE-EB2F10A0AE95}.Release|iPhone.Deploy.0 = Release|x86
		{EA69D5FF-B26F-48CC-9ACE-EB2F10A0AE95}.Release|iPhoneSimulator.ActiveCfg = Release|x86
		{EA69D5FF-B26F-48CC-9ACE-EB2F10A0AE95}.Release|iPhoneSimulator.Build.0 = Release|x86
		{EA69D5FF-B26F-48CC-9ACE-EB2F10A0AE95}.Release|iPhoneSimulator.Deploy.0 = Release|x86
		{EA69D5FF-B26F-48CC-9ACE-EB2F10A0AE95}.Release|x64.ActiveCfg = Release|x64
		{EA69D5FF-B26F-48CC-9ACE-EB2F10A0AE95}.Release|x64.Build.0 = Release|x64
		{EA69D5FF-B26F-48CC-9ACE-EB2F10A0AE95}.Release|x64.Deploy.0 = Release|x64
		{EA69D5FF-B26F-48CC-9ACE-EB2F10A0AE95}.Release|x86.ActiveCfg = Release|x86
		{EA69D5FF-B26F-48CC-9ACE-EB2F10A0AE95}.Release|x86.Build.0 = Release|x86
		{EA69D5FF-B26F-48CC-9ACE-EB2F10A0AE95}.Release|x86.Deploy.0 = Release|x86
		{78CDFC0A-ED57-4887-A022-29DDEC8B4D60}.Debug|Any CPU.ActiveCfg = Debug|Any CPU
		{78CDFC0A-ED57-4887-A022-29DDEC8B4D60}.Debug|Any CPU.Build.0 = Debug|Any CPU
		{78CDFC0A-ED57-4887-A022-29DDEC8B4D60}.Debug|Any CPU.Deploy.0 = Debug|Any CPU
		{78CDFC0A-ED57-4887-A022-29DDEC8B4D60}.Debug|ARM.ActiveCfg = Debug|Any CPU
		{78CDFC0A-ED57-4887-A022-29DDEC8B4D60}.Debug|ARM.Build.0 = Debug|Any CPU
		{78CDFC0A-ED57-4887-A022-29DDEC8B4D60}.Debug|ARM.Deploy.0 = Debug|Any CPU
		{78CDFC0A-ED57-4887-A022-29DDEC8B4D60}.Debug|iPhone.ActiveCfg = Debug|Any CPU
		{78CDFC0A-ED57-4887-A022-29DDEC8B4D60}.Debug|iPhone.Build.0 = Debug|Any CPU
		{78CDFC0A-ED57-4887-A022-29DDEC8B4D60}.Debug|iPhone.Deploy.0 = Debug|Any CPU
		{78CDFC0A-ED57-4887-A022-29DDEC8B4D60}.Debug|iPhoneSimulator.ActiveCfg = Debug|Any CPU
		{78CDFC0A-ED57-4887-A022-29DDEC8B4D60}.Debug|iPhoneSimulator.Build.0 = Debug|Any CPU
		{78CDFC0A-ED57-4887-A022-29DDEC8B4D60}.Debug|iPhoneSimulator.Deploy.0 = Debug|Any CPU
		{78CDFC0A-ED57-4887-A022-29DDEC8B4D60}.Debug|x64.ActiveCfg = Debug|Any CPU
		{78CDFC0A-ED57-4887-A022-29DDEC8B4D60}.Debug|x64.Build.0 = Debug|Any CPU
		{78CDFC0A-ED57-4887-A022-29DDEC8B4D60}.Debug|x64.Deploy.0 = Debug|Any CPU
		{78CDFC0A-ED57-4887-A022-29DDEC8B4D60}.Debug|x86.ActiveCfg = Debug|Any CPU
		{78CDFC0A-ED57-4887-A022-29DDEC8B4D60}.Debug|x86.Build.0 = Debug|Any CPU
		{78CDFC0A-ED57-4887-A022-29DDEC8B4D60}.Debug|x86.Deploy.0 = Debug|Any CPU
		{78CDFC0A-ED57-4887-A022-29DDEC8B4D60}.Release|Any CPU.ActiveCfg = Release|Any CPU
		{78CDFC0A-ED57-4887-A022-29DDEC8B4D60}.Release|Any CPU.Build.0 = Release|Any CPU
		{78CDFC0A-ED57-4887-A022-29DDEC8B4D60}.Release|Any CPU.Deploy.0 = Release|Any CPU
		{78CDFC0A-ED57-4887-A022-29DDEC8B4D60}.Release|ARM.ActiveCfg = Release|Any CPU
		{78CDFC0A-ED57-4887-A022-29DDEC8B4D60}.Release|ARM.Build.0 = Release|Any CPU
		{78CDFC0A-ED57-4887-A022-29DDEC8B4D60}.Release|ARM.Deploy.0 = Release|Any CPU
		{78CDFC0A-ED57-4887-A022-29DDEC8B4D60}.Release|iPhone.ActiveCfg = Release|Any CPU
		{78CDFC0A-ED57-4887-A022-29DDEC8B4D60}.Release|iPhone.Build.0 = Release|Any CPU
		{78CDFC0A-ED57-4887-A022-29DDEC8B4D60}.Release|iPhone.Deploy.0 = Release|Any CPU
		{78CDFC0A-ED57-4887-A022-29DDEC8B4D60}.Release|iPhoneSimulator.ActiveCfg = Release|Any CPU
		{78CDFC0A-ED57-4887-A022-29DDEC8B4D60}.Release|iPhoneSimulator.Build.0 = Release|Any CPU
		{78CDFC0A-ED57-4887-A022-29DDEC8B4D60}.Release|iPhoneSimulator.Deploy.0 = Release|Any CPU
		{78CDFC0A-ED57-4887-A022-29DDEC8B4D60}.Release|x64.ActiveCfg = Release|Any CPU
		{78CDFC0A-ED57-4887-A022-29DDEC8B4D60}.Release|x64.Build.0 = Release|Any CPU
		{78CDFC0A-ED57-4887-A022-29DDEC8B4D60}.Release|x64.Deploy.0 = Release|Any CPU
		{78CDFC0A-ED57-4887-A022-29DDEC8B4D60}.Release|x86.ActiveCfg = Release|Any CPU
		{78CDFC0A-ED57-4887-A022-29DDEC8B4D60}.Release|x86.Build.0 = Release|Any CPU
		{78CDFC0A-ED57-4887-A022-29DDEC8B4D60}.Release|x86.Deploy.0 = Release|Any CPU
		{4EFF1510-069E-4BE0-B022-3AAF25A624D9}.Debug|Any CPU.ActiveCfg = Debug|iPhone
		{4EFF1510-069E-4BE0-B022-3AAF25A624D9}.Debug|Any CPU.Build.0 = Debug|iPhone
		{4EFF1510-069E-4BE0-B022-3AAF25A624D9}.Debug|Any CPU.Deploy.0 = Debug|iPhone
		{4EFF1510-069E-4BE0-B022-3AAF25A624D9}.Debug|ARM.ActiveCfg = Debug|iPhoneSimulator
		{4EFF1510-069E-4BE0-B022-3AAF25A624D9}.Debug|ARM.Build.0 = Debug|iPhoneSimulator
		{4EFF1510-069E-4BE0-B022-3AAF25A624D9}.Debug|ARM.Deploy.0 = Debug|iPhoneSimulator
		{4EFF1510-069E-4BE0-B022-3AAF25A624D9}.Debug|iPhone.ActiveCfg = Debug|iPhone
		{4EFF1510-069E-4BE0-B022-3AAF25A624D9}.Debug|iPhone.Build.0 = Debug|iPhone
		{4EFF1510-069E-4BE0-B022-3AAF25A624D9}.Debug|iPhone.Deploy.0 = Debug|iPhone
		{4EFF1510-069E-4BE0-B022-3AAF25A624D9}.Debug|iPhoneSimulator.ActiveCfg = Debug|iPhoneSimulator
		{4EFF1510-069E-4BE0-B022-3AAF25A624D9}.Debug|iPhoneSimulator.Build.0 = Debug|iPhoneSimulator
		{4EFF1510-069E-4BE0-B022-3AAF25A624D9}.Debug|iPhoneSimulator.Deploy.0 = Debug|iPhoneSimulator
		{4EFF1510-069E-4BE0-B022-3AAF25A624D9}.Debug|x64.ActiveCfg = Debug|iPhone
		{4EFF1510-069E-4BE0-B022-3AAF25A624D9}.Debug|x64.Build.0 = Debug|iPhone
		{4EFF1510-069E-4BE0-B022-3AAF25A624D9}.Debug|x64.Deploy.0 = Debug|iPhone
		{4EFF1510-069E-4BE0-B022-3AAF25A624D9}.Debug|x86.ActiveCfg = Debug|iPhone
		{4EFF1510-069E-4BE0-B022-3AAF25A624D9}.Debug|x86.Build.0 = Debug|iPhone
		{4EFF1510-069E-4BE0-B022-3AAF25A624D9}.Debug|x86.Deploy.0 = Debug|iPhone
		{4EFF1510-069E-4BE0-B022-3AAF25A624D9}.Release|Any CPU.ActiveCfg = Release|iPhone
		{4EFF1510-069E-4BE0-B022-3AAF25A624D9}.Release|Any CPU.Build.0 = Release|iPhone
		{4EFF1510-069E-4BE0-B022-3AAF25A624D9}.Release|Any CPU.Deploy.0 = Release|iPhone
		{4EFF1510-069E-4BE0-B022-3AAF25A624D9}.Release|ARM.ActiveCfg = Release|iPhone
		{4EFF1510-069E-4BE0-B022-3AAF25A624D9}.Release|ARM.Build.0 = Release|iPhone
		{4EFF1510-069E-4BE0-B022-3AAF25A624D9}.Release|ARM.Deploy.0 = Release|iPhone
		{4EFF1510-069E-4BE0-B022-3AAF25A624D9}.Release|iPhone.ActiveCfg = Release|iPhone
		{4EFF1510-069E-4BE0-B022-3AAF25A624D9}.Release|iPhone.Build.0 = Release|iPhone
		{4EFF1510-069E-4BE0-B022-3AAF25A624D9}.Release|iPhone.Deploy.0 = Release|iPhone
		{4EFF1510-069E-4BE0-B022-3AAF25A624D9}.Release|iPhoneSimulator.ActiveCfg = Release|iPhoneSimulator
		{4EFF1510-069E-4BE0-B022-3AAF25A624D9}.Release|iPhoneSimulator.Build.0 = Release|iPhoneSimulator
		{4EFF1510-069E-4BE0-B022-3AAF25A624D9}.Release|iPhoneSimulator.Deploy.0 = Release|iPhoneSimulator
		{4EFF1510-069E-4BE0-B022-3AAF25A624D9}.Release|x64.ActiveCfg = Release|iPhone
		{4EFF1510-069E-4BE0-B022-3AAF25A624D9}.Release|x64.Build.0 = Release|iPhone
		{4EFF1510-069E-4BE0-B022-3AAF25A624D9}.Release|x64.Deploy.0 = Release|iPhone
		{4EFF1510-069E-4BE0-B022-3AAF25A624D9}.Release|x86.ActiveCfg = Release|iPhone
		{4EFF1510-069E-4BE0-B022-3AAF25A624D9}.Release|x86.Build.0 = Release|iPhone
		{4EFF1510-069E-4BE0-B022-3AAF25A624D9}.Release|x86.Deploy.0 = Release|iPhone
		{02553C15-F613-4D29-B3A9-857345503648}.Debug|Any CPU.ActiveCfg = Debug|Any CPU
		{02553C15-F613-4D29-B3A9-857345503648}.Debug|Any CPU.Build.0 = Debug|Any CPU
		{02553C15-F613-4D29-B3A9-857345503648}.Debug|Any CPU.Deploy.0 = Debug|Any CPU
		{02553C15-F613-4D29-B3A9-857345503648}.Debug|ARM.ActiveCfg = Debug|Any CPU
		{02553C15-F613-4D29-B3A9-857345503648}.Debug|ARM.Build.0 = Debug|Any CPU
		{02553C15-F613-4D29-B3A9-857345503648}.Debug|ARM.Deploy.0 = Debug|Any CPU
		{02553C15-F613-4D29-B3A9-857345503648}.Debug|iPhone.ActiveCfg = Debug|Any CPU
		{02553C15-F613-4D29-B3A9-857345503648}.Debug|iPhone.Build.0 = Debug|Any CPU
		{02553C15-F613-4D29-B3A9-857345503648}.Debug|iPhone.Deploy.0 = Debug|Any CPU
		{02553C15-F613-4D29-B3A9-857345503648}.Debug|iPhoneSimulator.ActiveCfg = Debug|Any CPU
		{02553C15-F613-4D29-B3A9-857345503648}.Debug|iPhoneSimulator.Build.0 = Debug|Any CPU
		{02553C15-F613-4D29-B3A9-857345503648}.Debug|iPhoneSimulator.Deploy.0 = Debug|Any CPU
		{02553C15-F613-4D29-B3A9-857345503648}.Debug|x64.ActiveCfg = Debug|Any CPU
		{02553C15-F613-4D29-B3A9-857345503648}.Debug|x64.Build.0 = Debug|Any CPU
		{02553C15-F613-4D29-B3A9-857345503648}.Debug|x64.Deploy.0 = Debug|Any CPU
		{02553C15-F613-4D29-B3A9-857345503648}.Debug|x86.ActiveCfg = Debug|Any CPU
		{02553C15-F613-4D29-B3A9-857345503648}.Debug|x86.Build.0 = Debug|Any CPU
		{02553C15-F613-4D29-B3A9-857345503648}.Debug|x86.Deploy.0 = Debug|Any CPU
		{02553C15-F613-4D29-B3A9-857345503648}.Release|Any CPU.ActiveCfg = Release|Any CPU
		{02553C15-F613-4D29-B3A9-857345503648}.Release|Any CPU.Build.0 = Release|Any CPU
		{02553C15-F613-4D29-B3A9-857345503648}.Release|Any CPU.Deploy.0 = Release|Any CPU
		{02553C15-F613-4D29-B3A9-857345503648}.Release|ARM.ActiveCfg = Release|Any CPU
		{02553C15-F613-4D29-B3A9-857345503648}.Release|ARM.Build.0 = Release|Any CPU
		{02553C15-F613-4D29-B3A9-857345503648}.Release|ARM.Deploy.0 = Release|Any CPU
		{02553C15-F613-4D29-B3A9-857345503648}.Release|iPhone.ActiveCfg = Release|Any CPU
		{02553C15-F613-4D29-B3A9-857345503648}.Release|iPhone.Build.0 = Release|Any CPU
		{02553C15-F613-4D29-B3A9-857345503648}.Release|iPhone.Deploy.0 = Release|Any CPU
		{02553C15-F613-4D29-B3A9-857345503648}.Release|iPhoneSimulator.ActiveCfg = Release|Any CPU
		{02553C15-F613-4D29-B3A9-857345503648}.Release|iPhoneSimulator.Build.0 = Release|Any CPU
		{02553C15-F613-4D29-B3A9-857345503648}.Release|iPhoneSimulator.Deploy.0 = Release|Any CPU
		{02553C15-F613-4D29-B3A9-857345503648}.Release|x64.ActiveCfg = Release|Any CPU
		{02553C15-F613-4D29-B3A9-857345503648}.Release|x64.Build.0 = Release|Any CPU
		{02553C15-F613-4D29-B3A9-857345503648}.Release|x64.Deploy.0 = Release|Any CPU
		{02553C15-F613-4D29-B3A9-857345503648}.Release|x86.ActiveCfg = Release|Any CPU
		{02553C15-F613-4D29-B3A9-857345503648}.Release|x86.Build.0 = Release|Any CPU
		{02553C15-F613-4D29-B3A9-857345503648}.Release|x86.Deploy.0 = Release|Any CPU
	EndGlobalSection
	GlobalSection(SolutionProperties) = preSolution
		HideSolutionNode = FALSE
	EndGlobalSection
	GlobalSection(ExtensibilityGlobals) = postSolution
		SolutionGuid = {6BCD7E3C-5153-4069-AA1D-4D5B9E163FD0}
	EndGlobalSection
EndGlobal
